
Microsoft Visual Studio Solution File, Format Version 12.00
# Visual Studio Version 17
VisualStudioVersion = 17.6.33815.320
MinimumVisualStudioVersion = 10.0.40219.1
Project("{FAE04EC0-301F-11D3-BF4B-00C04F79EFBC}") = "BackEndPCI", "BackEndPCI\BackEndPCI.csproj", "{335BF8E1-5C0C-4C8A-8A32-A4F6B0FEC86A}"
EndProject
Global
	GlobalSection(SolutionConfigurationPlatforms) = preSolution
		Debug|Any CPU = Debug|Any CPU
		Release|Any CPU = Release|Any CPU
	EndGlobalSection
	GlobalSection(ProjectConfigurationPlatforms) = postSolution
		{335BF8E1-5C0C-4C8A-8A32-A4F6B0FEC86A}.Debug|Any CPU.ActiveCfg = Debug|Any CPU
		{335BF8E1-5C0C-4C8A-8A32-A4F6B0FEC86A}.Debug|Any CPU.Build.0 = Debug|Any CPU
		{335BF8E1-5C0C-4C8A-8A32-A4F6B0FEC86A}.Release|Any CPU.ActiveCfg = Release|Any CPU
		{335BF8E1-5C0C-4C8A-8A32-A4F6B0FEC86A}.Release|Any CPU.Build.0 = Release|Any CPU
	EndGlobalSection
	GlobalSection(SolutionProperties) = preSolution
		HideSolutionNode = FALSE
	EndGlobalSection
	GlobalSection(ExtensibilityGlobals) = postSolution
		SolutionGuid = {AFA43ED2-DC38-4735-B263-2CF30216AABF}
	EndGlobalSection
EndGlobal
